{
  "name": "logbook-assets",
  "lockfileVersion": 3,
  "requires": true,
  "packages": {
    "": {
      "name": "logbook-assets",
      "devDependencies": {
        "alpinejs": "3.17.4",
        "chart.js": "4.5.1",
        "sortablejs": "1.15.7"
      }
    },
    "node_modules/@kurkle/color": {
      "version": "0.3.4",
      "resolved": "https://registry.npmjs.org/@kurkle/color/-/color-0.3.4.tgz",
      "integrity": "sha512-M5UknZPHRu3DEDWoipU6sE8PdkZ6Z/S+v4dD+Ke8IaNlpdSQah50lz1KtcFBa2vsdOnwbbnxJwVM4wty6udA5w==",
      "dev": true,
      "license": "MIT"
    },
    "node_modules/@vue/reactivity": {
      "version": "3.5.43",
      "resolved": "https://registry.npmjs.org/@vue/reactivity/-/reactivity-3.5.43.tgz",
      "integrity": "sha512-G/c9GyOZNI2jVaaS6OX1EF1SSFSv7H0ERqNTl4+DTFMlZmB5eVAB53aLQNam/7NL2NPtaDD7RdVrzf8uJzMuOA==",
      "dev": true,
      "license": "MIT",
      "dependencies": {
        "@vue/shared": "3.5.43"
      }
    },
    "node_modules/@vue/shared": {
      "version": "3.5.43",
      "resolved": "https://registry.npmjs.org/@vue/shared/-/shared-3.5.43.tgz",
      "integrity": "sha512-uksS7YGMR5NZyr4JNq0Rp+QyLns0ueaz20KwzIPW9R0LH1Vnt4E+XUM29PNseEbf1www2gOuhuDi5AKOIXag9Q==",
      "dev": true,
      "license": "MIT"
    },
    "node_modules/alpinejs": {
      "version": "3.17.4",
      "resolved": "https://registry.npmjs.org/alpinejs/-/alpinejs-3.17.4.tgz",
      "integrity": "sha512-N2gsr+58XVUt7OAPKnUGiKPDtkd+xbSGTae8C8IJxeRdkkhBJPIautkJ+qcwb7lcjJ/QK3/CPVIbN20JPvtK7A==",
      "dev": true,
      "license": "MIT",
      "dependencies": {
        "@vue/reactivity": "~3.5.40"
      }
    },
    "node_modules/chart.js": {
      "version": "4.5.1",
      "resolved": "https://registry.npmjs.org/chart.js/-/chart.js-4.5.1.tgz",
      "integrity": "sha512-GIjfiT9dbmHRiYi6Nl2yFCq7kkwdkp1W/lp2J99rX0yo9tgJGn3lKQATztIjb5tVtevcBtIdICNWqlq5+E8/Pw==",
      "dev": true,
      "license": "MIT",
      "dependencies": {
        "@kurkle/color": "^0.3.0"
      },
      "engines": {
        "pnpm": ">=8"
      }
    },
    "node_modules/sortablejs": {
      "version": "1.15.7",
      "resolved": "https://registry.npmjs.org/sortablejs/-/sortablejs-1.15.7.tgz",
      "integrity": "sha512-Kk8wLQPlS+yi1ZEf48a4+fzHa4yxjC30M/Sr2AnQu+f/MPwvvX9XjZ6OWejiz8crBsLwSq8GHqaxaET7u6ux0A==",
      "dev": true,
      "license": "MIT"
    }
  }
}
